{
  "name": "hestia-eats",
  "version": "1.0.0",
  "lockfileVersion": 3,
  "requires": true,
  "packages": {
    "": {
      "name": "hestia-eats",
      "version": "1.0.0",
      "dependencies": {
        "@hono/node-server": "1.14.3",
        "hono": "4.7.10"
      }
    },
    "node_modules/@hono/node-server": {
      "version": "1.14.3",
      "resolved": "https://registry.npmjs.org/@hono/node-server/-/node-server-1.14.3.tgz",
      "integrity": "sha512-KuDMwwghtFYSmIpr4WrKs1VpelTrptvJ+6x6mbUcZnFcc213cumTF5BdqfHyW93B19TNI4Vaev14vOI2a0Ie3w==",
      "license": "MIT",
      "engines": {
        "node": ">=18.14.1"
      },
      "peerDependencies": {
        "hono": "^4"
      }
    },
    "node_modules/hono": {
      "version": "4.7.10",
      "resolved": "https://registry.npmjs.org/hono/-/hono-4.7.10.tgz",
      "integrity": "sha512-QkACju9MiN59CKSY5JsGZCYmPZkA6sIW6OFCUp7qDjZu6S6KHtJHhAc9Uy9mV9F8PJ1/HQ3ybZF2yjCa/73fvQ==",
      "license": "MIT",
      "engines": {
        "node": ">=16.9.0"
      }
    }
  }
}
